// !$*UTF8*$!
{
	archiveVersion = 1;
	classes = {
	};
	objectVersion = 50;
	objects = {

/* Begin PBXBuildFile section */
		3563B5EB20C290FA00BA2AE0 /* AppDelegate.m in Sources */ = {isa = PBXBuildFile; fileRef = 3563B5EA20C290FA00BA2AE0 /* AppDelegate.m */; };
		3563B5EE20C290FA00BA2AE0 /* ViewController.m in Sources */ = {isa = PBXBuildFile; fileRef = 3563B5ED20C290FA00BA2AE0 /* ViewController.m */; };
		3563B5F120C290FA00BA2AE0 /* Main.storyboard in Resources */ = {isa = PBXBuildFile; fileRef = 3563B5EF20C290FA00BA2AE0 /* Main.storyboard */; };
		3563B5F320C290FB00BA2AE0 /* Assets.xcassets in Resources */ = {isa = PBXBuildFile; fileRef = 3563B5F220C290FB00BA2AE0 /* Assets.xcassets */; };
		3563B5F620C290FB00BA2AE0 /* LaunchScreen.storyboard in Resources */ = {isa = PBXBuildFile; fileRef = 3563B5F420C290FB00BA2AE0 /* LaunchScreen.storyboard */; };
		3563B5F920C290FB00BA2AE0 /* main.m in Sources */ = {isa = PBXBuildFile; fileRef = 3563B5F820C290FB00BA2AE0 /* main.m */; };
		3563B60320C290FC00BA2AE0 /* XLsn0wAppCrashTests.m in Sources */ = {isa = PBXBuildFile; fileRef = 3563B60220C290FC00BA2AE0 /* XLsn0wAppCrashTests.m */; };
		3563B60E20C290FC00BA2AE0 /* XLsn0wAppCrashUITests.m in Sources */ = {isa = PBXBuildFile; fileRef = 3563B60D20C290FC00BA2AE0 /* XLsn0wAppCrashUITests.m */; };
		35B13B2E20C3CA1000D9A5A7 /* DSSignalHandler.m in Sources */ = {isa = PBXBuildFile; fileRef = 35B13B1220C3CA1000D9A5A7 /* DSSignalHandler.m */; };
		35B13B2F20C3CA1000D9A5A7 /* RootViewController.m in Sources */ = {isa = PBXBuildFile; fileRef = 35B13B1420C3CA1000D9A5A7 /* RootViewController.m */; };
		35B13B3020C3CA1000D9A5A7 /* BaseViewController.m in Sources */ = {isa = PBXBuildFile; fileRef = 35B13B1620C3CA1000D9A5A7 /* BaseViewController.m */; };
		35B13B3120C3CA1000D9A5A7 /* LeakOneViewController.m in Sources */ = {isa = PBXBuildFile; fileRef = 35B13B1720C3CA1000D9A5A7 /* LeakOneViewController.m */; };
		35B13B3220C3CA1000D9A5A7 /* SEGVViewController.m in Sources */ = {isa = PBXBuildFile; fileRef = 35B13B1820C3CA1000D9A5A7 /* SEGVViewController.m */; };
		35B13B3320C3CA1000D9A5A7 /* DeadLockViewController.m in Sources */ = {isa = PBXBuildFile; fileRef = 35B13B1A20C3CA1000D9A5A7 /* DeadLockViewController.m */; };
		35B13B3420C3CA1000D9A5A7 /* BusViewController.m in Sources */ = {isa = PBXBuildFile; fileRef = 35B13B1B20C3CA1000D9A5A7 /* BusViewController.m */; };
		35B13B3520C3CA1000D9A5A7 /* MRCOneViewController.m in Sources */ = {isa = PBXBuildFile; fileRef = 35B13B1C20C3CA1000D9A5A7 /* MRCOneViewController.m */; };
		35B13B3620C3CA1000D9A5A7 /* ABRTViewController.m in Sources */ = {isa = PBXBuildFile; fileRef = 35B13B1F20C3CA1000D9A5A7 /* ABRTViewController.m */; };
		35B13B3720C3CA1000D9A5A7 /* MyMrcView.m in Sources */ = {isa = PBXBuildFile; fileRef = 35B13B2720C3CA1000D9A5A7 /* MyMrcView.m */; };
		35B13B3820C3CA1000D9A5A7 /* fishhook.c in Sources */ = {isa = PBXBuildFile; fileRef = 35B13B2820C3CA1000D9A5A7 /* fishhook.c */; };
		35B13B3920C3CA1000D9A5A7 /* TYLQueue.c in Sources */ = {isa = PBXBuildFile; fileRef = 35B13B2A20C3CA1000D9A5A7 /* TYLQueue.c */; };
		35B13B3A20C3CA1000D9A5A7 /* DSSafeFree.m in Sources */ = {isa = PBXBuildFile; fileRef = 35B13B2D20C3CA1000D9A5A7 /* DSSafeFree.m */; };
		35B13B8820C3CAA700D9A5A7 /* RoundNineDemoViewController.m in Sources */ = {isa = PBXBuildFile; fileRef = 35B13B3D20C3CAA700D9A5A7 /* RoundNineDemoViewController.m */; };
		35B13B8920C3CAA700D9A5A7 /* RootViewController.m in Sources */ = {isa = PBXBuildFile; fileRef = 35B13B4020C3CAA700D9A5A7 /* RootViewController.m */; };
		35B13B8A20C3CAA700D9A5A7 /* RoundFourDemoViewController.m in Sources */ = {isa = PBXBuildFile; fileRef = 35B13B4220C3CAA700D9A5A7 /* RoundFourDemoViewController.m */; };
		35B13B8B20C3CAA700D9A5A7 /* BaseViewController.m in Sources */ = {isa = PBXBuildFile; fileRef = 35B13B4420C3CAA700D9A5A7 /* BaseViewController.m */; };
		35B13B8C20C3CAA700D9A5A7 /* RoundTenDemoViewController.m in Sources */ = {isa = PBXBuildFile; fileRef = 35B13B4520C3CAA700D9A5A7 /* RoundTenDemoViewController.m */; };
		35B13B8D20C3CAA700D9A5A7 /* RoundOneDemoViewController.m in Sources */ = {isa = PBXBuildFile; fileRef = 35B13B4620C3CAA700D9A5A7 /* RoundOneDemoViewController.m */; };
		35B13B8E20C3CAA700D9A5A7 /* RoundSixDemoViewController.m in Sources */ = {isa = PBXBuildFile; fileRef = 35B13B4720C3CAA700D9A5A7 /* RoundSixDemoViewController.m */; };
		35B13B8F20C3CAA700D9A5A7 /* RoundEightDemoViewController.m in Sources */ = {isa = PBXBuildFile; fileRef = 35B13B4820C3CAA700D9A5A7 /* RoundEightDemoViewController.m */; };
		35B13B9020C3CAA700D9A5A7 /* RoundElevenDemoViewController.m in Sources */ = {isa = PBXBuildFile; fileRef = 35B13B4920C3CAA700D9A5A7 /* RoundElevenDemoViewController.m */; };
		35B13B9120C3CAA700D9A5A7 /* RoundTwoDemoViewController.m in Sources */ = {isa = PBXBuildFile; fileRef = 35B13B4B20C3CAA700D9A5A7 /* RoundTwoDemoViewController.m */; };
		35B13B9220C3CAA700D9A5A7 /* RoundFiveDemoViewController.m in Sources */ = {isa = PBXBuildFile; fileRef = 35B13B4C20C3CAA700D9A5A7 /* RoundFiveDemoViewController.m */; };
		35B13B9320C3CAA700D9A5A7 /* RoundSevenDemoViewController.m in Sources */ = {isa = PBXBuildFile; fileRef = 35B13B4F20C3CAA700D9A5A7 /* RoundSevenDemoViewController.m */; };
		35B13B9420C3CAA700D9A5A7 /* RoundTwelveDemoViewController.m in Sources */ = {isa = PBXBuildFile; fileRef = 35B13B5320C3CAA700D9A5A7 /* RoundTwelveDemoViewController.m */; };
		35B13B9520C3CAA700D9A5A7 /* RoundThreeDemoViewController.m in Sources */ = {isa = PBXBuildFile; fileRef = 35B13B5420C3CAA700D9A5A7 /* RoundThreeDemoViewController.m */; };
		35B13B9620C3CAA700D9A5A7 /* HJCornerRadius.m in Sources */ = {isa = PBXBuildFile; fileRef = 35B13B5C20C3CAA700D9A5A7 /* HJCornerRadius.m */; };
		35B13B9720C3CAA700D9A5A7 /* UIImage+WebP.m in Sources */ = {isa = PBXBuildFile; fileRef = 35B13B5E20C3CAA700D9A5A7 /* UIImage+WebP.m */; };
		35B13B9820C3CAA700D9A5A7 /* MKAnnotationView+WebCache.m in Sources */ = {isa = PBXBuildFile; fileRef = 35B13B5F20C3CAA700D9A5A7 /* MKAnnotationView+WebCache.m */; };
		35B13B9920C3CAA700D9A5A7 /* SDWebImageManager.m in Sources */ = {isa = PBXBuildFile; fileRef = 35B13B6220C3CAA700D9A5A7 /* SDWebImageManager.m */; };
		35B13B9A20C3CAA700D9A5A7 /* SDWebImageDecoder.m in Sources */ = {isa = PBXBuildFile; fileRef = 35B13B6320C3CAA700D9A5A7 /* SDWebImageDecoder.m */; };
		35B13B9B20C3CAA700D9A5A7 /* UIImageView+HighlightedWebCache.m in Sources */ = {isa = PBXBuildFile; fileRef = 35B13B6520C3CAA700D9A5A7 /* UIImageView+HighlightedWebCache.m */; };
		35B13B9C20C3CAA700D9A5A7 /* SDWebImageDownloader.m in Sources */ = {isa = PBXBuildFile; fileRef = 35B13B6720C3CAA700D9A5A7 /* SDWebImageDownloader.m */; };
		35B13B9D20C3CAA700D9A5A7 /* UIImage+GIF.m in Sources */ = {isa = PBXBuildFile; fileRef = 35B13B6820C3CAA700D9A5A7 /* UIImage+GIF.m */; };
		35B13B9E20C3CAA700D9A5A7 /* UIImage+MultiFormat.m in Sources */ = {isa = PBXBuildFile; fileRef = 35B13B6A20C3CAA700D9A5A7 /* UIImage+MultiFormat.m */; };
		35B13B9F20C3CAA700D9A5A7 /* SDWebImageCompat.m in Sources */ = {isa = PBXBuildFile; fileRef = 35B13B6B20C3CAA700D9A5A7 /* SDWebImageCompat.m */; };
		35B13BA020C3CAA700D9A5A7 /* SDWebImagePrefetcher.m in Sources */ = {isa = PBXBuildFile; fileRef = 35B13B6C20C3CAA700D9A5A7 /* SDWebImagePrefetcher.m */; };
		35B13BA120C3CAA700D9A5A7 /* SDImageCache.m in Sources */ = {isa = PBXBuildFile; fileRef = 35B13B7020C3CAA700D9A5A7 /* SDImageCache.m */; };
		35B13BA220C3CAA700D9A5A7 /* SDWebImageDownloaderOperation.m in Sources */ = {isa = PBXBuildFile; fileRef = 35B13B7220C3CAA700D9A5A7 /* SDWebImageDownloaderOperation.m */; };
		35B13BA320C3CAA700D9A5A7 /* NSData+ImageContentType.m in Sources */ = {isa = PBXBuildFile; fileRef = 35B13B7520C3CAA700D9A5A7 /* NSData+ImageContentType.m */; };
		35B13BA420C3CAA700D9A5A7 /* UIImageView+WebCache.m in Sources */ = {isa = PBXBuildFile; fileRef = 35B13B7620C3CAA700D9A5A7 /* UIImageView+WebCache.m */; };
		35B13BA520C3CAA700D9A5A7 /* UIView+WebCacheOperation.m in Sources */ = {isa = PBXBuildFile; fileRef = 35B13B7920C3CAA700D9A5A7 /* UIView+WebCacheOperation.m */; };
		35B13BA620C3CAA700D9A5A7 /* UIButton+WebCache.m in Sources */ = {isa = PBXBuildFile; fileRef = 35B13B7D20C3CAA700D9A5A7 /* UIButton+WebCache.m */; };
		35B13BA720C3CAA700D9A5A7 /* UIImage+DSRoundImage.m in Sources */ = {isa = PBXBuildFile; fileRef = 35B13B8120C3CAA700D9A5A7 /* UIImage+DSRoundImage.m */; };
		35B13BA820C3CAA700D9A5A7 /* DSRoundImageView.m in Sources */ = {isa = PBXBuildFile; fileRef = 35B13B8220C3CAA700D9A5A7 /* DSRoundImageView.m */; };
		35B13BA920C3CAA700D9A5A7 /* RoundImageButton.m in Sources */ = {isa = PBXBuildFile; fileRef = 35B13B8320C3CAA700D9A5A7 /* RoundImageButton.m */; };
		35B13BAA20C3CAA700D9A5A7 /* RoundImageView.m in Sources */ = {isa = PBXBuildFile; fileRef = 35B13B8420C3CAA700D9A5A7 /* RoundImageView.m */; };
		6622FA9120E622E700EE5E4F /* Swift 4.2.swift in Sources */ = {isa = PBXBuildFile; fileRef = 6622FA9020E622E700EE5E4F /* Swift 4.2.swift */; };
/* End PBXBuildFile section */

/* Begin PBXContainerItemProxy section */
		3563B5FF20C290FC00BA2AE0 /* PBXContainerItemProxy */ = {
			isa = PBXContainerItemProxy;
			containerPortal = 3563B5DE20C290FA00BA2AE0 /* Project object */;
			proxyType = 1;
			remoteGlobalIDString = 3563B5E520C290FA00BA2AE0;
			remoteInfo = XLsn0wAppCrash;
		};
		3563B60A20C290FC00BA2AE0 /* PBXContainerItemProxy */ = {
			isa = PBXContainerItemProxy;
			containerPortal = 3563B5DE20C290FA00BA2AE0 /* Project object */;
			proxyType = 1;
			remoteGlobalIDString = 3563B5E520C290FA00BA2AE0;
			remoteInfo = XLsn0wAppCrash;
		};
/* End PBXContainerItemProxy section */

/* Begin PBXFileReference section */
		3563B5E620C290FA00BA2AE0 /* XLsn0wAppCrash.app */ = {isa = PBXFileReference; explicitFileType = wrapper.application; includeInIndex = 0; path = XLsn0wAppCrash.app; sourceTree = BUILT_PRODUCTS_DIR; };
		3563B5E920C290FA00BA2AE0 /* AppDelegate.h */ = {isa = PBXFileReference; lastKnownFileType = sourcecode.c.h; path = AppDelegate.h; sourceTree = "<group>"; };
		3563B5EA20C290FA00BA2AE0 /* AppDelegate.m */ = {isa = PBXFileReference; lastKnownFileType = sourcecode.c.objc; path = AppDelegate.m; sourceTree = "<group>"; };
		3563B5EC20C290FA00BA2AE0 /* ViewController.h */ = {isa = PBXFileReference; lastKnownFileType = sourcecode.c.h; path = ViewController.h; sourceTree = "<group>"; };
		3563B5ED20C290FA00BA2AE0 /* ViewController.m */ = {isa = PBXFileReference; lastKnownFileType = sourcecode.c.objc; path = ViewController.m; sourceTree = "<group>"; };
		3563B5F020C290FA00BA2AE0 /* Base */ = {isa = PBXFileReference; lastKnownFileType = file.storyboard; name = Base; path = Base.lproj/Main.storyboard; sourceTree = "<group>"; };
		3563B5F220C290FB00BA2AE0 /* Assets.xcassets */ = {isa = PBXFileReference; lastKnownFileType = folder.assetcatalog; path = Assets.xcassets; sourceTree = "<group>"; };
		3563B5F520C290FB00BA2AE0 /* Base */ = {isa = PBXFileReference; lastKnownFileType = file.storyboard; name = Base; path = Base.lproj/LaunchScreen.storyboard; sourceTree = "<group>"; };
		3563B5F720C290FB00BA2AE0 /* Info.plist */ = {isa = PBXFileReference; lastKnownFileType = text.plist.xml; path = Info.plist; sourceTree = "<group>"; };
		3563B5F820C290FB00BA2AE0 /* main.m */ = {isa = PBXFileReference; lastKnownFileType = sourcecode.c.objc; path = main.m; sourceTree = "<group>"; };
		3563B5FE20C290FC00BA2AE0 /* XLsn0wAppCrashTests.xctest */ = {isa = PBXFileReference; explicitFileType = wrapper.cfbundle; includeInIndex = 0; path = XLsn0wAppCrashTests.xctest; sourceTree = BUILT_PRODUCTS_DIR; };
		3563B60220C290FC00BA2AE0 /* XLsn0wAppCrashTests.m */ = {isa = PBXFileReference; lastKnownFileType = sourcecode.c.objc; path = XLsn0wAppCrashTests.m; sourceTree = "<group>"; };
		3563B60420C290FC00BA2AE0 /* Info.plist */ = {isa = PBXFileReference; lastKnownFileType = text.plist.xml; path = Info.plist; sourceTree = "<group>"; };
		3563B60920C290FC00BA2AE0 /* XLsn0wAppCrashUITests.xctest */ = {isa = PBXFileReference; explicitFileType = wrapper.cfbundle; includeInIndex = 0; path = XLsn0wAppCrashUITests.xctest; sourceTree = BUILT_PRODUCTS_DIR; };
		3563B60D20C290FC00BA2AE0 /* XLsn0wAppCrashUITests.m */ = {isa = PBXFileReference; lastKnownFileType = sourcecode.c.objc; path = XLsn0wAppCrashUITests.m; sourceTree = "<group>"; };
		3563B60F20C290FC00BA2AE0 /* Info.plist */ = {isa = PBXFileReference; lastKnownFileType = text.plist.xml; path = Info.plist; sourceTree = "<group>"; };
		3563B61B20C2923E00BA2AE0 /* XLsn0wAppCrash-Bridging-Header.h */ = {isa = PBXFileReference; lastKnownFileType = sourcecode.c.h; path = "XLsn0wAppCrash-Bridging-Header.h"; sourceTree = "<group>"; };
		35B13B1220C3CA1000D9A5A7 /* DSSignalHandler.m */ = {isa = PBXFileReference; fileEncoding = 4; lastKnownFileType = sourcecode.c.objc; path = DSSignalHandler.m; sourceTree = "<group>"; };
		35B13B1420C3CA1000D9A5A7 /* RootViewController.m */ = {isa = PBXFileReference; fileEncoding = 4; lastKnownFileType = sourcecode.c.objc; path = RootViewController.m; sourceTree = "<group>"; };
		35B13B1520C3CA1000D9A5A7 /* MRCOneViewController.h */ = {isa = PBXFileReference; fileEncoding = 4; lastKnownFileType = sourcecode.c.h; path = MRCOneViewController.h; sourceTree = "<group>"; };
		35B13B1620C3CA1000D9A5A7 /* BaseViewController.m */ = {isa = PBXFileReference; fileEncoding = 4; lastKnownFileType = sourcecode.c.objc; path = BaseViewController.m; sourceTree = "<group>"; };
		35B13B1720C3CA1000D9A5A7 /* LeakOneViewController.m */ = {isa = PBXFileReference; fileEncoding = 4; lastKnownFileType = sourcecode.c.objc; path = LeakOneViewController.m; sourceTree = "<group>"; };
		35B13B1820C3CA1000D9A5A7 /* SEGVViewController.m */ = {isa = PBXFileReference; fileEncoding = 4; lastKnownFileType = sourcecode.c.objc; path = SEGVViewController.m; sourceTree = "<group>"; };
		35B13B1920C3CA1000D9A5A7 /* ABRTViewController.h */ = {isa = PBXFileReference; fileEncoding = 4; lastKnownFileType = sourcecode.c.h; path = ABRTViewController.h; sourceTree = "<group>"; };
		35B13B1A20C3CA1000D9A5A7 /* DeadLockViewController.m */ = {isa = PBXFileReference; fileEncoding = 4; lastKnownFileType = sourcecode.c.objc; path = DeadLockViewController.m; sourceTree = "<group>"; };
		35B13B1B20C3CA1000D9A5A7 /* BusViewController.m */ = {isa = PBXFileReference; fileEncoding = 4; lastKnownFileType = sourcecode.c.objc; path = BusViewController.m; sourceTree = "<group>"; };
		35B13B1C20C3CA1000D9A5A7 /* MRCOneViewController.m */ = {isa = PBXFileReference; fileEncoding = 4; lastKnownFileType = sourcecode.c.objc; path = MRCOneViewController.m; sourceTree = "<group>"; };
		35B13B1D20C3CA1000D9A5A7 /* RootViewController.h */ = {isa = PBXFileReference; fileEncoding = 4; lastKnownFileType = sourcecode.c.h; path = RootViewController.h; sourceTree = "<group>"; };
		35B13B1E20C3CA1000D9A5A7 /* DeadLockViewController.h */ = {isa = PBXFileReference; fileEncoding = 4; lastKnownFileType = sourcecode.c.h; path = DeadLockViewController.h; sourceTree = "<group>"; };
		35B13B1F20C3CA1000D9A5A7 /* ABRTViewController.m */ = {isa = PBXFileReference; fileEncoding = 4; lastKnownFileType = sourcecode.c.objc; path = ABRTViewController.m; sourceTree = "<group>"; };
		35B13B2020C3CA1000D9A5A7 /* SEGVViewController.h */ = {isa = PBXFileReference; fileEncoding = 4; lastKnownFileType = sourcecode.c.h; path = SEGVViewController.h; sourceTree = "<group>"; };
		35B13B2120C3CA1000D9A5A7 /* LeakOneViewController.h */ = {isa = PBXFileReference; fileEncoding = 4; lastKnownFileType = sourcecode.c.h; path = LeakOneViewController.h; sourceTree = "<group>"; };
		35B13B2220C3CA1000D9A5A7 /* BaseViewController.h */ = {isa = PBXFileReference; fileEncoding = 4; lastKnownFileType = sourcecode.c.h; path = BaseViewController.h; sourceTree = "<group>"; };
		35B13B2320C3CA1000D9A5A7 /* BusViewController.h */ = {isa = PBXFileReference; fileEncoding = 4; lastKnownFileType = sourcecode.c.h; path = BusViewController.h; sourceTree = "<group>"; };
		35B13B2420C3CA1000D9A5A7 /* DSSignalHandler.h */ = {isa = PBXFileReference; fileEncoding = 4; lastKnownFileType = sourcecode.c.h; path = DSSignalHandler.h; sourceTree = "<group>"; };
		35B13B2620C3CA1000D9A5A7 /* TYLQueue.h */ = {isa = PBXFileReference; fileEncoding = 4; lastKnownFileType = sourcecode.c.h; path = TYLQueue.h; sourceTree = "<group>"; };
		35B13B2720C3CA1000D9A5A7 /* MyMrcView.m */ = {isa = PBXFileReference; fileEncoding = 4; lastKnownFileType = sourcecode.c.objc; path = MyMrcView.m; sourceTree = "<group>"; };
		35B13B2820C3CA1000D9A5A7 /* fishhook.c */ = {isa = PBXFileReference; fileEncoding = 4; lastKnownFileType = sourcecode.c.c; path = fishhook.c; sourceTree = "<group>"; };
		35B13B2920C3CA1000D9A5A7 /* DSSafeFree.h */ = {isa = PBXFileReference; fileEncoding = 4; lastKnownFileType = sourcecode.c.h; path = DSSafeFree.h; sourceTree = "<group>"; };
		35B13B2A20C3CA1000D9A5A7 /* TYLQueue.c */ = {isa = PBXFileReference; fileEncoding = 4; lastKnownFileType = sourcecode.c.c; path = TYLQueue.c; sourceTree = "<group>"; };
		35B13B2B20C3CA1000D9A5A7 /* MyMrcView.h */ = {isa = PBXFileReference; fileEncoding = 4; lastKnownFileType = sourcecode.c.h; path = MyMrcView.h; sourceTree = "<group>"; };
		35B13B2C20C3CA1000D9A5A7 /* fishhook.h */ = {isa = PBXFileReference; fileEncoding = 4; lastKnownFileType = sourcecode.c.h; path = fishhook.h; sourceTree = "<group>"; };
		35B13B2D20C3CA1000D9A5A7 /* DSSafeFree.m */ = {isa = PBXFileReference; fileEncoding = 4; lastKnownFileType = sourcecode.c.objc; path = DSSafeFree.m; sourceTree = "<group>"; };
		35B13B3D20C3CAA700D9A5A7 /* RoundNineDemoViewController.m */ = {isa = PBXFileReference; fileEncoding = 4; lastKnownFileType = sourcecode.c.objc; path = RoundNineDemoViewController.m; sourceTree = "<group>"; };
		35B13B3E20C3CAA700D9A5A7 /* RoundFiveDemoViewController.h */ = {isa = PBXFileReference; fileEncoding = 4; lastKnownFileType = sourcecode.c.h; path = RoundFiveDemoViewController.h; sourceTree = "<group>"; };
		35B13B3F20C3CAA700D9A5A7 /* RoundTwoDemoViewController.h */ = {isa = PBXFileReference; fileEncoding = 4; lastKnownFileType = sourcecode.c.h; path = RoundTwoDemoViewController.h; sourceTree = "<group>"; };
		35B13B4020C3CAA700D9A5A7 /* RootViewController.m */ = {isa = PBXFileReference; fileEncoding = 4; lastKnownFileType = sourcecode.c.objc; path = RootViewController.m; sourceTree = "<group>"; };
		35B13B4120C3CAA700D9A5A7 /* RoundSevenDemoViewController.h */ = {isa = PBXFileReference; fileEncoding = 4; lastKnownFileType = sourcecode.c.h; path = RoundSevenDemoViewController.h; sourceTree = "<group>"; };
		35B13B4220C3CAA700D9A5A7 /* RoundFourDemoViewController.m */ = {isa = PBXFileReference; fileEncoding = 4; lastKnownFileType = sourcecode.c.objc; path = RoundFourDemoViewController.m; sourceTree = "<group>"; };
		35B13B4320C3CAA700D9A5A7 /* RoundTwelveDemoViewController.h */ = {isa = PBXFileReference; fileEncoding = 4; lastKnownFileType = sourcecode.c.h; path = RoundTwelveDemoViewController.h; sourceTree = "<group>"; };
		35B13B4420C3CAA700D9A5A7 /* BaseViewController.m */ = {isa = PBXFileReference; fileEncoding = 4; lastKnownFileType = sourcecode.c.objc; path = BaseViewController.m; sourceTree = "<group>"; };
		35B13B4520C3CAA700D9A5A7 /* RoundTenDemoViewController.m */ = {isa = PBXFileReference; fileEncoding = 4; lastKnownFileType = sourcecode.c.objc; path = RoundTenDemoViewController.m; sourceTree = "<group>"; };
		35B13B4620C3CAA700D9A5A7 /* RoundOneDemoViewController.m */ = {isa = PBXFileReference; fileEncoding = 4; lastKnownFileType = sourcecode.c.objc; path = RoundOneDemoViewController.m; sourceTree = "<group>"; };
		35B13B4720C3CAA700D9A5A7 /* RoundSixDemoViewController.m */ = {isa = PBXFileReference; fileEncoding = 4; lastKnownFileType = sourcecode.c.objc; path = RoundSixDemoViewController.m; sourceTree = "<group>"; };
		35B13B4820C3CAA700D9A5A7 /* RoundEightDemoViewController.m */ = {isa = PBXFileReference; fileEncoding = 4; lastKnownFileType = sourcecode.c.objc; path = RoundEightDemoViewController.m; sourceTree = "<group>"; };
		35B13B4920C3CAA700D9A5A7 /* RoundElevenDemoViewController.m */ = {isa = PBXFileReference; fileEncoding = 4; lastKnownFileType = sourcecode.c.objc; path = RoundElevenDemoViewController.m; sourceTree = "<group>"; };
		35B13B4A20C3CAA700D9A5A7 /* RoundThreeDemoViewController.h */ = {isa = PBXFileReference; fileEncoding = 4; lastKnownFileType = sourcecode.c.h; path = RoundThreeDemoViewController.h; sourceTree = "<group>"; };
		35B13B4B20C3CAA700D9A5A7 /* RoundTwoDemoViewController.m */ = {isa = PBXFileReference; fileEncoding = 4; lastKnownFileType = sourcecode.c.objc; path = RoundTwoDemoViewController.m; sourceTree = "<group>"; };
		35B13B4C20C3CAA700D9A5A7 /* RoundFiveDemoViewController.m */ = {isa = PBXFileReference; fileEncoding = 4; lastKnownFileType = sourcecode.c.objc; path = RoundFiveDemoViewController.m; sourceTree = "<group>"; };
		35B13B4D20C3CAA700D9A5A7 /* RoundNineDemoViewController.h */ = {isa = PBXFileReference; fileEncoding = 4; lastKnownFileType = sourcecode.c.h; path = RoundNineDemoViewController.h; sourceTree = "<group>"; };
		35B13B4E20C3CAA700D9A5A7 /* RoundFourDemoViewController.h */ = {isa = PBXFileReference; fileEncoding = 4; lastKnownFileType = sourcecode.c.h; path = RoundFourDemoViewController.h; sourceTree = "<group>"; };
		35B13B4F20C3CAA700D9A5A7 /* RoundSevenDemoViewController.m */ = {isa = PBXFileReference; fileEncoding = 4; lastKnownFileType = sourcecode.c.objc; path = RoundSevenDemoViewController.m; sourceTree = "<group>"; };
		35B13B5020C3CAA700D9A5A7 /* RootViewController.h */ = {isa = PBXFileReference; fileEncoding = 4; lastKnownFileType = sourcecode.c.h; path = RootViewController.h; sourceTree = "<group>"; };
		35B13B5120C3CAA700D9A5A7 /* RoundTenDemoViewController.h */ = {isa = PBXFileReference; fileEncoding = 4; lastKnownFileType = sourcecode.c.h; path = RoundTenDemoViewController.h; sourceTree = "<group>"; };
		35B13B5220C3CAA700D9A5A7 /* BaseViewController.h */ = {isa = PBXFileReference; fileEncoding = 4; lastKnownFileType = sourcecode.c.h; path = BaseViewController.h; sourceTree = "<group>"; };
		35B13B5320C3CAA700D9A5A7 /* RoundTwelveDemoViewController.m */ = {isa = PBXFileReference; fileEncoding = 4; lastKnownFileType = sourcecode.c.objc; path = RoundTwelveDemoViewController.m; sourceTree = "<group>"; };
		35B13B5420C3CAA700D9A5A7 /* RoundThreeDemoViewController.m */ = {isa = PBXFileReference; fileEncoding = 4; lastKnownFileType = sourcecode.c.objc; path = RoundThreeDemoViewController.m; sourceTree = "<group>"; };
		35B13B5520C3CAA700D9A5A7 /* RoundElevenDemoViewController.h */ = {isa = PBXFileReference; fileEncoding = 4; lastKnownFileType = sourcecode.c.h; path = RoundElevenDemoViewController.h; sourceTree = "<group>"; };
		35B13B5620C3CAA700D9A5A7 /* RoundEightDemoViewController.h */ = {isa = PBXFileReference; fileEncoding = 4; lastKnownFileType = sourcecode.c.h; path = RoundEightDemoViewController.h; sourceTree = "<group>"; };
		35B13B5720C3CAA700D9A5A7 /* RoundSixDemoViewController.h */ = {isa = PBXFileReference; fileEncoding = 4; lastKnownFileType = sourcecode.c.h; path = RoundSixDemoViewController.h; sourceTree = "<group>"; };
		35B13B5820C3CAA700D9A5A7 /* RoundOneDemoViewController.h */ = {isa = PBXFileReference; fileEncoding = 4; lastKnownFileType = sourcecode.c.h; path = RoundOneDemoViewController.h; sourceTree = "<group>"; };
		35B13B5B20C3CAA700D9A5A7 /* HJCornerRadius.h */ = {isa = PBXFileReference; fileEncoding = 4; lastKnownFileType = sourcecode.c.h; path = HJCornerRadius.h; sourceTree = "<group>"; };
		35B13B5C20C3CAA700D9A5A7 /* HJCornerRadius.m */ = {isa = PBXFileReference; fileEncoding = 4; lastKnownFileType = sourcecode.c.objc; path = HJCornerRadius.m; sourceTree = "<group>"; };
		35B13B5E20C3CAA700D9A5A7 /* UIImage+WebP.m */ = {isa = PBXFileReference; fileEncoding = 4; lastKnownFileType = sourcecode.c.objc; path = "UIImage+WebP.m"; sourceTree = "<group>"; };
		35B13B5F20C3CAA700D9A5A7 /* MKAnnotationView+WebCache.m */ = {isa = PBXFileReference; fileEncoding = 4; lastKnownFileType = sourcecode.c.objc; path = "MKAnnotationView+WebCache.m"; sourceTree = "<group>"; };
		35B13B6020C3CAA700D9A5A7 /* UIImageView+WebCache.h */ = {isa = PBXFileReference; fileEncoding = 4; lastKnownFileType = sourcecode.c.h; path = "UIImageView+WebCache.h"; sourceTree = "<group>"; };
		35B13B6120C3CAA700D9A5A7 /* NSData+ImageContentType.h */ = {isa = PBXFileReference; fileEncoding = 4; lastKnownFileType = sourcecode.c.h; path = "NSData+ImageContentType.h"; sourceTree = "<group>"; };
		35B13B6220C3CAA700D9A5A7 /* SDWebImageManager.m */ = {isa = PBXFileReference; fileEncoding = 4; lastKnownFileType = sourcecode.c.objc; path = SDWebImageManager.m; sourceTree = "<group>"; };
		35B13B6320C3CAA700D9A5A7 /* SDWebImageDecoder.m */ = {isa = PBXFileReference; fileEncoding = 4; lastKnownFileType = sourcecode.c.objc; path = SDWebImageDecoder.m; sourceTree = "<group>"; };
		35B13B6420C3CAA700D9A5A7 /* SDWebImageDownloaderOperation.h */ = {isa = PBXFileReference; fileEncoding = 4; lastKnownFileType = sourcecode.c.h; path = SDWebImageDownloaderOperation.h; sourceTree = "<group>"; };
		35B13B6520C3CAA700D9A5A7 /* UIImageView+HighlightedWebCache.m */ = {isa = PBXFileReference; fileEncoding = 4; lastKnownFileType = sourcecode.c.objc; path = "UIImageView+HighlightedWebCache.m"; sourceTree = "<group>"; };
		35B13B6620C3CAA700D9A5A7 /* SDImageCache.h */ = {isa = PBXFileReference; fileEncoding = 4; lastKnownFileType = sourcecode.c.h; path = SDImageCache.h; sourceTree = "<group>"; };
		35B13B6720C3CAA700D9A5A7 /* SDWebImageDownloader.m */ = {isa = PBXFileReference; fileEncoding = 4; lastKnownFileType = sourcecode.c.objc; path = SDWebImageDownloader.m; sourceTree = "<group>"; };
		35B13B6820C3CAA700D9A5A7 /* UIImage+GIF.m */ = {isa = PBXFileReference; fileEncoding = 4; lastKnownFileType = sourcecode.c.objc; path = "UIImage+GIF.m"; sourceTree = "<group>"; };
		35B13B6920C3CAA700D9A5A7 /* UIButton+WebCache.h */ = {isa = PBXFileReference; fileEncoding = 4; lastKnownFileType = sourcecode.c.h; path = "UIButton+WebCache.h"; sourceTree = "<group>"; };
		35B13B6A20C3CAA700D9A5A7 /* UIImage+MultiFormat.m */ = {isa = PBXFileReference; fileEncoding = 4; lastKnownFileType = sourcecode.c.objc; path = "UIImage+MultiFormat.m"; sourceTree = "<group>"; };
		35B13B6B20C3CAA700D9A5A7 /* SDWebImageCompat.m */ = {isa = PBXFileReference; fileEncoding = 4; lastKnownFileType = sourcecode.c.objc; path = SDWebImageCompat.m; sourceTree = "<group>"; };
		35B13B6C20C3CAA700D9A5A7 /* SDWebImagePrefetcher.m */ = {isa = PBXFileReference; fileEncoding = 4; lastKnownFileType = sourcecode.c.objc; path = SDWebImagePrefetcher.m; sourceTree = "<group>"; };
		35B13B6D20C3CAA700D9A5A7 /* UIView+WebCacheOperation.h */ = {isa = PBXFileReference; fileEncoding = 4; lastKnownFileType = sourcecode.c.h; path = "UIView+WebCacheOperation.h"; sourceTree = "<group>"; };
		35B13B6E20C3CAA700D9A5A7 /* MKAnnotationView+WebCache.h */ = {isa = PBXFileReference; fileEncoding = 4; lastKnownFileType = sourcecode.c.h; path = "MKAnnotationView+WebCache.h"; sourceTree = "<group>"; };
		35B13B6F20C3CAA700D9A5A7 /* UIImage+WebP.h */ = {isa = PBXFileReference; fileEncoding = 4; lastKnownFileType = sourcecode.c.h; path = "UIImage+WebP.h"; sourceTree = "<group>"; };
		35B13B7020C3CAA700D9A5A7 /* SDImageCache.m */ = {isa = PBXFileReference; fileEncoding = 4; lastKnownFileType = sourcecode.c.objc; path = SDImageCache.m; sourceTree = "<group>"; };
		35B13B7120C3CAA700D9A5A7 /* UIImageView+HighlightedWebCache.h */ = {isa = PBXFileReference; fileEncoding = 4; lastKnownFileType = sourcecode.c.h; path = "UIImageView+HighlightedWebCache.h"; sourceTree = "<group>"; };
		35B13B7220C3CAA700D9A5A7 /* SDWebImageDownloaderOperation.m */ = {isa = PBXFileReference; fileEncoding = 4; lastKnownFileType = sourcecode.c.objc; path = SDWebImageDownloaderOperation.m; sourceTree = "<group>"; };
		35B13B7320C3CAA700D9A5A7 /* SDWebImageDecoder.h */ = {isa = PBXFileReference; fileEncoding = 4; lastKnownFileType = sourcecode.c.h; path = SDWebImageDecoder.h; sourceTree = "<group>"; };
		35B13B7420C3CAA700D9A5A7 /* SDWebImageManager.h */ = {isa = PBXFileReference; fileEncoding = 4; lastKnownFileType = sourcecode.c.h; path = SDWebImageManager.h; sourceTree = "<group>"; };
		35B13B7520C3CAA700D9A5A7 /* NSData+ImageContentType.m */ = {isa = PBXFileReference; fileEncoding = 4; lastKnownFileType = sourcecode.c.objc; path = "NSData+ImageContentType.m"; sourceTree = "<group>"; };
		35B13B7620C3CAA700D9A5A7 /* UIImageView+WebCache.m */ = {isa = PBXFileReference; fileEncoding = 4; lastKnownFileType = sourcecode.c.objc; path = "UIImageView+WebCache.m"; sourceTree = "<group>"; };
		35B13B7720C3CAA700D9A5A7 /* SDWebImageOperation.h */ = {isa = PBXFileReference; fileEncoding = 4; lastKnownFileType = sourcecode.c.h; path = SDWebImageOperation.h; sourceTree = "<group>"; };
		35B13B7820C3CAA700D9A5A7 /* SDWebImageDownloader.h */ = {isa = PBXFileReference; fileEncoding = 4; lastKnownFileType = sourcecode.c.h; path = SDWebImageDownloader.h; sourceTree = "<group>"; };
		35B13B7920C3CAA700D9A5A7 /* UIView+WebCacheOperation.m */ = {isa = PBXFileReference; fileEncoding = 4; lastKnownFileType = sourcecode.c.objc; path = "UIView+WebCacheOperation.m"; sourceTree = "<group>"; };
		35B13B7A20C3CAA700D9A5A7 /* SDWebImagePrefetcher.h */ = {isa = PBXFileReference; fileEncoding = 4; lastKnownFileType = sourcecode.c.h; path = SDWebImagePrefetcher.h; sourceTree = "<group>"; };
		35B13B7B20C3CAA700D9A5A7 /* SDWebImageCompat.h */ = {isa = PBXFileReference; fileEncoding = 4; lastKnownFileType = sourcecode.c.h; path = SDWebImageCompat.h; sourceTree = "<group>"; };
		35B13B7C20C3CAA700D9A5A7 /* UIImage+MultiFormat.h */ = {isa = PBXFileReference; fileEncoding = 4; lastKnownFileType = sourcecode.c.h; path = "UIImage+MultiFormat.h"; sourceTree = "<group>"; };
		35B13B7D20C3CAA700D9A5A7 /* UIButton+WebCache.m */ = {isa = PBXFileReference; fileEncoding = 4; lastKnownFileType = sourcecode.c.objc; path = "UIButton+WebCache.m"; sourceTree = "<group>"; };
		35B13B7E20C3CAA700D9A5A7 /* UIImage+GIF.h */ = {isa = PBXFileReference; fileEncoding = 4; lastKnownFileType = sourcecode.c.h; path = "UIImage+GIF.h"; sourceTree = "<group>"; };
		35B13B8020C3CAA700D9A5A7 /* RoundImageView.h */ = {isa = PBXFileReference; fileEncoding = 4; lastKnownFileType = sourcecode.c.h; path = RoundImageView.h; sourceTree = "<group>"; };
		35B13B8120C3CAA700D9A5A7 /* UIImage+DSRoundImage.m */ = {isa = PBXFileReference; fileEncoding = 4; lastKnownFileType = sourcecode.c.objc; path = "UIImage+DSRoundImage.m"; sourceTree = "<group>"; };
		35B13B8220C3CAA700D9A5A7 /* DSRoundImageView.m */ = {isa = PBXFileReference; fileEncoding = 4; lastKnownFileType = sourcecode.c.objc; path = DSRoundImageView.m; sourceTree = "<group>"; };
		35B13B8320C3CAA700D9A5A7 /* RoundImageButton.m */ = {isa = PBXFileReference; fileEncoding = 4; lastKnownFileType = sourcecode.c.objc; path = RoundImageButton.m; sourceTree = "<group>"; };
		35B13B8420C3CAA700D9A5A7 /* RoundImageView.m */ = {isa = PBXFileReference; fileEncoding = 4; lastKnownFileType = sourcecode.c.objc; path = RoundImageView.m; sourceTree = "<group>"; };
		35B13B8520C3CAA700D9A5A7 /* UIImage+DSRoundImage.h */ = {isa = PBXFileReference; fileEncoding = 4; lastKnownFileType = sourcecode.c.h; path = "UIImage+DSRoundImage.h"; sourceTree = "<group>"; };
		35B13B8620C3CAA700D9A5A7 /* RoundImageButton.h */ = {isa = PBXFileReference; fileEncoding = 4; lastKnownFileType = sourcecode.c.h; path = RoundImageButton.h; sourceTree = "<group>"; };
		35B13B8720C3CAA700D9A5A7 /* DSRoundImageView.h */ = {isa = PBXFileReference; fileEncoding = 4; lastKnownFileType = sourcecode.c.h; path = DSRoundImageView.h; sourceTree = "<group>"; };
		6622FA9020E622E700EE5E4F /* Swift 4.2.swift */ = {isa = PBXFileReference; lastKnownFileType = sourcecode.swift; path = "Swift 4.2.swift"; sourceTree = "<group>"; };
/* End PBXFileReference section */

/* Begin PBXFrameworksBuildPhase section */
		3563B5E320C290FA00BA2AE0 /* Frameworks */ = {
			isa = PBXFrameworksBuildPhase;
			buildActionMask = 2147483647;
			files = (
			);
			runOnlyForDeploymentPostprocessing = 0;
		};
		3563B5FB20C290FC00BA2AE0 /* Frameworks */ = {
			isa = PBXFrameworksBuildPhase;
			buildActionMask = 2147483647;
			files = (
			);
			runOnlyForDeploymentPostprocessing = 0;
		};
		3563B60620C290FC00BA2AE0 /* Frameworks */ = {
			isa = PBXFrameworksBuildPhase;
			buildActionMask = 2147483647;
			files = (
			);
			runOnlyForDeploymentPostprocessing = 0;
		};
/* End PBXFrameworksBuildPhase section */

/* Begin PBXGroup section */
		3563B5DD20C290FA00BA2AE0 = {
			isa = PBXGroup;
			children = (
				35B13B3B20C3CAA700D9A5A7 /* RoundedImage */,
				35B13B1120C3CA1000D9A5A7 /* Crash */,
				3563B5E820C290FA00BA2AE0 /* XLsn0wAppCrash */,
				3563B60120C290FC00BA2AE0 /* XLsn0wAppCrashTests */,
				3563B60C20C290FC00BA2AE0 /* XLsn0wAppCrashUITests */,
				3563B5E720C290FA00BA2AE0 /* Products */,
			);
			sourceTree = "<group>";
		};
		3563B5E720C290FA00BA2AE0 /* Products */ = {
			isa = PBXGroup;
			children = (
				3563B5E620C290FA00BA2AE0 /* XLsn0wAppCrash.app */,
				3563B5FE20C290FC00BA2AE0 /* XLsn0wAppCrashTests.xctest */,
				3563B60920C290FC00BA2AE0 /* XLsn0wAppCrashUITests.xctest */,
			);
			name = Products;
			sourceTree = "<group>";
		};
		3563B5E820C290FA00BA2AE0 /* XLsn0wAppCrash */ = {
			isa = PBXGroup;
			children = (
				3563B5E920C290FA00BA2AE0 /* AppDelegate.h */,
				3563B5EA20C290FA00BA2AE0 /* AppDelegate.m */,
				3563B5EC20C290FA00BA2AE0 /* ViewController.h */,
				3563B5ED20C290FA00BA2AE0 /* ViewController.m */,
				3563B5EF20C290FA00BA2AE0 /* Main.storyboard */,
				3563B5F220C290FB00BA2AE0 /* Assets.xcassets */,
				3563B5F420C290FB00BA2AE0 /* LaunchScreen.storyboard */,
				3563B5F720C290FB00BA2AE0 /* Info.plist */,
				3563B5F820C290FB00BA2AE0 /* main.m */,
				6622FA9020E622E700EE5E4F /* Swift 4.2.swift */,
				3563B61B20C2923E00BA2AE0 /* XLsn0wAppCrash-Bridging-Header.h */,
			);
			path = XLsn0wAppCrash;
			sourceTree = "<group>";
		};
		3563B60120C290FC00BA2AE0 /* XLsn0wAppCrashTests */ = {
			isa = PBXGroup;
			children = (
				3563B60220C290FC00BA2AE0 /* XLsn0wAppCrashTests.m */,
				3563B60420C290FC00BA2AE0 /* Info.plist */,
			);
			path = XLsn0wAppCrashTests;
			sourceTree = "<group>";
		};
		3563B60C20C290FC00BA2AE0 /* XLsn0wAppCrashUITests */ = {
			isa = PBXGroup;
			children = (
				3563B60D20C290FC00BA2AE0 /* XLsn0wAppCrashUITests.m */,
				3563B60F20C290FC00BA2AE0 /* Info.plist */,
			);
			path = XLsn0wAppCrashUITests;
			sourceTree = "<group>";
		};
		35B13B1120C3CA1000D9A5A7 /* Crash */ = {
			isa = PBXGroup;
			children = (
				35B13B1320C3CA1000D9A5A7 /* Controller */,
				35B13B2420C3CA1000D9A5A7 /* DSSignalHandler.h */,
				35B13B1220C3CA1000D9A5A7 /* DSSignalHandler.m */,
				35B13B2520C3CA1000D9A5A7 /* WildPointer */,
			);
			path = Crash;
			sourceTree = "<group>";
		};
		35B13B1320C3CA1000D9A5A7 /* Controller */ = {
			isa = PBXGroup;
			children = (
				35B13B1420C3CA1000D9A5A7 /* RootViewController.m */,
				35B13B1520C3CA1000D9A5A7 /* MRCOneViewController.h */,
				35B13B1620C3CA1000D9A5A7 /* BaseViewController.m */,
				35B13B1720C3CA1000D9A5A7 /* LeakOneViewController.m */,
				35B13B1820C3CA1000D9A5A7 /* SEGVViewController.m */,
				35B13B1920C3CA1000D9A5A7 /* ABRTViewController.h */,
				35B13B1A20C3CA1000D9A5A7 /* DeadLockViewController.m */,
				35B13B1B20C3CA1000D9A5A7 /* BusViewController.m */,
				35B13B1C20C3CA1000D9A5A7 /* MRCOneViewController.m */,
				35B13B1D20C3CA1000D9A5A7 /* RootViewController.h */,
				35B13B1E20C3CA1000D9A5A7 /* DeadLockViewController.h */,
				35B13B1F20C3CA1000D9A5A7 /* ABRTViewController.m */,
				35B13B2020C3CA1000D9A5A7 /* SEGVViewController.h */,
				35B13B2120C3CA1000D9A5A7 /* LeakOneViewController.h */,
				35B13B2220C3CA1000D9A5A7 /* BaseViewController.h */,
				35B13B2320C3CA1000D9A5A7 /* BusViewController.h */,
			);
			path = Controller;
			sourceTree = "<group>";
		};
		35B13B2520C3CA1000D9A5A7 /* WildPointer */ = {
			isa = PBXGroup;
			children = (
				35B13B2620C3CA1000D9A5A7 /* TYLQueue.h */,
				35B13B2720C3CA1000D9A5A7 /* MyMrcView.m */,
				35B13B2820C3CA1000D9A5A7 /* fishhook.c */,
				35B13B2920C3CA1000D9A5A7 /* DSSafeFree.h */,
				35B13B2A20C3CA1000D9A5A7 /* TYLQueue.c */,
				35B13B2B20C3CA1000D9A5A7 /* MyMrcView.h */,
				35B13B2C20C3CA1000D9A5A7 /* fishhook.h */,
				35B13B2D20C3CA1000D9A5A7 /* DSSafeFree.m */,
			);
			path = WildPointer;
			sourceTree = "<group>";
		};
		35B13B3B20C3CAA700D9A5A7 /* RoundedImage */ = {
			isa = PBXGroup;
			children = (
				35B13B3C20C3CAA700D9A5A7 /* Controller */,
				35B13B5920C3CAA700D9A5A7 /* Lib */,
				35B13B7F20C3CAA700D9A5A7 /* Views */,
			);
			path = RoundedImage;
			sourceTree = "<group>";
		};
		35B13B3C20C3CAA700D9A5A7 /* Controller */ = {
			isa = PBXGroup;
			children = (
				35B13B3D20C3CAA700D9A5A7 /* RoundNineDemoViewController.m */,
				35B13B3E20C3CAA700D9A5A7 /* RoundFiveDemoViewController.h */,
				35B13B3F20C3CAA700D9A5A7 /* RoundTwoDemoViewController.h */,
				35B13B4020C3CAA700D9A5A7 /* RootViewController.m */,
				35B13B4120C3CAA700D9A5A7 /* RoundSevenDemoViewController.h */,
				35B13B4220C3CAA700D9A5A7 /* RoundFourDemoViewController.m */,
				35B13B4320C3CAA700D9A5A7 /* RoundTwelveDemoViewController.h */,
				35B13B4420C3CAA700D9A5A7 /* BaseViewController.m */,
				35B13B4520C3CAA700D9A5A7 /* RoundTenDemoViewController.m */,
				35B13B4620C3CAA700D9A5A7 /* RoundOneDemoViewController.m */,
				35B13B4720C3CAA700D9A5A7 /* RoundSixDemoViewController.m */,
				35B13B4820C3CAA700D9A5A7 /* RoundEightDemoViewController.m */,
				35B13B4920C3CAA700D9A5A7 /* RoundElevenDemoViewController.m */,
				35B13B4A20C3CAA700D9A5A7 /* RoundThreeDemoViewController.h */,
				35B13B4B20C3CAA700D9A5A7 /* RoundTwoDemoViewController.m */,
				35B13B4C20C3CAA700D9A5A7 /* RoundFiveDemoViewController.m */,
				35B13B4D20C3CAA700D9A5A7 /* RoundNineDemoViewController.h */,
				35B13B4E20C3CAA700D9A5A7 /* RoundFourDemoViewController.h */,
				35B13B4F20C3CAA700D9A5A7 /* RoundSevenDemoViewController.m */,
				35B13B5020C3CAA700D9A5A7 /* RootViewController.h */,
				35B13B5120C3CAA700D9A5A7 /* RoundTenDemoViewController.h */,
				35B13B5220C3CAA700D9A5A7 /* BaseViewController.h */,
				35B13B5320C3CAA700D9A5A7 /* RoundTwelveDemoViewController.m */,
				35B13B5420C3CAA700D9A5A7 /* RoundThreeDemoViewController.m */,
				35B13B5520C3CAA700D9A5A7 /* RoundElevenDemoViewController.h */,
				35B13B5620C3CAA700D9A5A7 /* RoundEightDemoViewController.h */,
				35B13B5720C3CAA700D9A5A7 /* RoundSixDemoViewController.h */,
				35B13B5820C3CAA700D9A5A7 /* RoundOneDemoViewController.h */,
			);
			path = Controller;
			sourceTree = "<group>";
		};
		35B13B5920C3CAA700D9A5A7 /* Lib */ = {
			isa = PBXGroup;
			children = (
				35B13B5A20C3CAA700D9A5A7 /* HJCornerRadius */,
				35B13B5D20C3CAA700D9A5A7 /* SDWebImage */,
			);
			path = Lib;
			sourceTree = "<group>";
		};
		35B13B5A20C3CAA700D9A5A7 /* HJCornerRadius */ = {
			isa = PBXGroup;
			children = (
				35B13B5B20C3CAA700D9A5A7 /* HJCornerRadius.h */,
				35B13B5C20C3CAA700D9A5A7 /* HJCornerRadius.m */,
			);
			path = HJCornerRadius;
			sourceTree = "<group>";
		};
		35B13B5D20C3CAA700D9A5A7 /* SDWebImage */ = {
			isa = PBXGroup;
			children = (
				35B13B5E20C3CAA700D9A5A7 /* UIImage+WebP.m */,
				35B13B5F20C3CAA700D9A5A7 /* MKAnnotationView+WebCache.m */,
				35B13B6020C3CAA700D9A5A7 /* UIImageView+WebCache.h */,
				35B13B6120C3CAA700D9A5A7 /* NSData+ImageContentType.h */,
				35B13B6220C3CAA700D9A5A7 /* SDWebImageManager.m */,
				35B13B6320C3CAA700D9A5A7 /* SDWebImageDecoder.m */,
				35B13B6420C3CAA700D9A5A7 /* SDWebImageDownloaderOperation.h */,
				35B13B6520C3CAA700D9A5A7 /* UIImageView+HighlightedWebCache.m */,
				35B13B6620C3CAA700D9A5A7 /* SDImageCache.h */,
				35B13B6720C3CAA700D9A5A7 /* SDWebImageDownloader.m */,
				35B13B6820C3CAA700D9A5A7 /* UIImage+GIF.m */,
				35B13B6920C3CAA700D9A5A7 /* UIButton+WebCache.h */,
				35B13B6A20C3CAA700D9A5A7 /* UIImage+MultiFormat.m */,
				35B13B6B20C3CAA700D9A5A7 /* SDWebImageCompat.m */,
				35B13B6C20C3CAA700D9A5A7 /* SDWebImagePrefetcher.m */,
				35B13B6D20C3CAA700D9A5A7 /* UIView+WebCacheOperation.h */,
				35B13B6E20C3CAA700D9A5A7 /* MKAnnotationView+WebCache.h */,
				35B13B6F20C3CAA700D9A5A7 /* UIImage+WebP.h */,
				35B13B7020C3CAA700D9A5A7 /* SDImageCache.m */,
				35B13B7120C3CAA700D9A5A7 /* UIImageView+HighlightedWebCache.h */,
				35B13B7220C3CAA700D9A5A7 /* SDWebImageDownloaderOperation.m */,
				35B13B7320C3CAA700D9A5A7 /* SDWebImageDecoder.h */,
				35B13B7420C3CAA700D9A5A7 /* SDWebImageManager.h */,
				35B13B7520C3CAA700D9A5A7 /* NSData+ImageContentType.m */,
				35B13B7620C3CAA700D9A5A7 /* UIImageView+WebCache.m */,
				35B13B7720C3CAA700D9A5A7 /* SDWebImageOperation.h */,
				35B13B7820C3CAA700D9A5A7 /* SDWebImageDownloader.h */,
				35B13B7920C3CAA700D9A5A7 /* UIView+WebCacheOperation.m */,
				35B13B7A20C3CAA700D9A5A7 /* SDWebImagePrefetcher.h */,
				35B13B7B20C3CAA700D9A5A7 /* SDWebImageCompat.h */,
				35B13B7C20C3CAA700D9A5A7 /* UIImage+MultiFormat.h */,
				35B13B7D20C3CAA700D9A5A7 /* UIButton+WebCache.m */,
				35B13B7E20C3CAA700D9A5A7 /* UIImage+GIF.h */,
			);
			path = SDWebImage;
			sourceTree = "<group>";
		};
		35B13B7F20C3CAA700D9A5A7 /* Views */ = {
			isa = PBXGroup;
			children = (
				35B13B8020C3CAA700D9A5A7 /* RoundImageView.h */,
				35B13B8120C3CAA700D9A5A7 /* UIImage+DSRoundImage.m */,
				35B13B8220C3CAA700D9A5A7 /* DSRoundImageView.m */,
				35B13B8320C3CAA700D9A5A7 /* RoundImageButton.m */,
				35B13B8420C3CAA700D9A5A7 /* RoundImageView.m */,
				35B13B8520C3CAA700D9A5A7 /* UIImage+DSRoundImage.h */,
				35B13B8620C3CAA700D9A5A7 /* RoundImageButton.h */,
				35B13B8720C3CAA700D9A5A7 /* DSRoundImageView.h */,
			);
			path = Views;
			sourceTree = "<group>";
		};
/* End PBXGroup section */

/* Begin PBXNativeTarget section */
		3563B5E520C290FA00BA2AE0 /* XLsn0wAppCrash */ = {
			isa = PBXNativeTarget;
			buildConfigurationList = 3563B61220C290FC00BA2AE0 /* Build configuration list for PBXNativeTarget "XLsn0wAppCrash" */;
			buildPhases = (
				3563B5E220C290FA00BA2AE0 /* Sources */,
				3563B5E320C290FA00BA2AE0 /* Frameworks */,
				3563B5E420C290FA00BA2AE0 /* Resources */,
			);
			buildRules = (
			);
			dependencies = (
			);
			name = XLsn0wAppCrash;
			productName = XLsn0wAppCrash;
			productReference = 3563B5E620C290FA00BA2AE0 /* XLsn0wAppCrash.app */;
			productType = "com.apple.product-type.application";
		};
		3563B5FD20C290FC00BA2AE0 /* XLsn0wAppCrashTests */ = {
			isa = PBXNativeTarget;
			buildConfigurationList = 3563B61520C290FC00BA2AE0 /* Build configuration list for PBXNativeTarget "XLsn0wAppCrashTests" */;
			buildPhases = (
				3563B5FA20C290FC00BA2AE0 /* Sources */,
				3563B5FB20C290FC00BA2AE0 /* Frameworks */,
				3563B5FC20C290FC00BA2AE0 /* Resources */,
			);
			buildRules = (
			);
			dependencies = (
				3563B60020C290FC00BA2AE0 /* PBXTargetDependency */,
			);
			name = XLsn0wAppCrashTests;
			productName = XLsn0wAppCrashTests;
			productReference = 3563B5FE20C290FC00BA2AE0 /* XLsn0wAppCrashTests.xctest */;
			productType = "com.apple.product-type.bundle.unit-test";
		};
		3563B60820C290FC00BA2AE0 /* XLsn0wAppCrashUITests */ = {
			isa = PBXNativeTarget;
			buildConfigurationList = 3563B61820C290FC00BA2AE0 /* Build configuration list for PBXNativeTarget "XLsn0wAppCrashUITests" */;
			buildPhases = (
				3563B60520C290FC00BA2AE0 /* Sources */,
				3563B60620C290FC00BA2AE0 /* Frameworks */,
				3563B60720C290FC00BA2AE0 /* Resources */,
			);
			buildRules = (
			);
			dependencies = (
				3563B60B20C290FC00BA2AE0 /* PBXTargetDependency */,
			);
			name = XLsn0wAppCrashUITests;
			productName = XLsn0wAppCrashUITests;
			productReference = 3563B60920C290FC00BA2AE0 /* XLsn0wAppCrashUITests.xctest */;
			productType = "com.apple.product-type.bundle.ui-testing";
		};
/* End PBXNativeTarget section */

/* Begin PBXProject section */
		3563B5DE20C290FA00BA2AE0 /* Project object */ = {
			isa = PBXProject;
			attributes = {
				LastUpgradeCheck = 0930;
				ORGANIZATIONNAME = XLsn0w;
				TargetAttributes = {
					3563B5E520C290FA00BA2AE0 = {
						CreatedOnToolsVersion = 9.3.1;
						LastSwiftMigration = 0930;
					};
					3563B5FD20C290FC00BA2AE0 = {
						CreatedOnToolsVersion = 9.3.1;
						TestTargetID = 3563B5E520C290FA00BA2AE0;
					};
					3563B60820C290FC00BA2AE0 = {
						CreatedOnToolsVersion = 9.3.1;
						TestTargetID = 3563B5E520C290FA00BA2AE0;
					};
				};
			};
			buildConfigurationList = 3563B5E120C290FA00BA2AE0 /* Build configuration list for PBXProject "XLsn0wAppCrash" */;
			compatibilityVersion = "Xcode 9.3";
			developmentRegion = en;
			hasScannedForEncodings = 0;
			knownRegions = (
				en,
				Base,
			);
			mainGroup = 3563B5DD20C290FA00BA2AE0;
			productRefGroup = 3563B5E720C290FA00BA2AE0 /* Products */;
			projectDirPath = "";
			projectRoot = "";
			targets = (
				3563B5E520C290FA00BA2AE0 /* XLsn0wAppCrash */,
				3563B5FD20C290FC00BA2AE0 /* XLsn0wAppCrashTests */,
				3563B60820C290FC00BA2AE0 /* XLsn0wAppCrashUITests */,
			);
		};
/* End PBXProject section */

/* Begin PBXResourcesBuildPhase section */
		3563B5E420C290FA00BA2AE0 /* Resources */ = {
			isa = PBXResourcesBuildPhase;
			buildActionMask = 2147483647;
			files = (
				3563B5F620C290FB00BA2AE0 /* LaunchScreen.storyboard in Resources */,
				3563B5F320C290FB00BA2AE0 /* Assets.xcassets in Resources */,
				3563B5F120C290FA00BA2AE0 /* Main.storyboard in Resources */,
			);
			runOnlyForDeploymentPostprocessing = 0;
		};
		3563B5FC20C290FC00BA2AE0 /* Resources */ = {
			isa = PBXResourcesBuildPhase;
			buildActionMask = 2147483647;
			files = (
			);
			runOnlyForDeploymentPostprocessing = 0;
		};
		3563B60720C290FC00BA2AE0 /* Resources */ = {
			isa = PBXResourcesBuildPhase;
			buildActionMask = 2147483647;
			files = (
			);
			runOnlyForDeploymentPostprocessing = 0;
		};
/* End PBXResourcesBuildPhase section */

/* Begin PBXSourcesBuildPhase section */
		3563B5E220C290FA00BA2AE0 /* Sources */ = {
			isa = PBXSourcesBuildPhase;
			buildActionMask = 2147483647;
			files = (
				6622FA9120E622E700EE5E4F /* Swift 4.2.swift in Sources */,
				35B13B9D20C3CAA700D9A5A7 /* UIImage+GIF.m in Sources */,
				35B13B3120C3CA1000D9A5A7 /* LeakOneViewController.m in Sources */,
				35B13BA520C3CAA700D9A5A7 /* UIView+WebCacheOperation.m in Sources */,
				35B13B8920C3CAA700D9A5A7 /* RootViewController.m in Sources */,
				35B13B3820C3CA1000D9A5A7 /* fishhook.c in Sources */,
				3563B5EE20C290FA00BA2AE0 /* ViewController.m in Sources */,
				35B13B8820C3CAA700D9A5A7 /* RoundNineDemoViewController.m in Sources */,
				35B13B9120C3CAA700D9A5A7 /* RoundTwoDemoViewController.m in Sources */,
				35B13B3320C3CA1000D9A5A7 /* DeadLockViewController.m in Sources */,
				35B13B8E20C3CAA700D9A5A7 /* RoundSixDemoViewController.m in Sources */,
				35B13B3520C3CA1000D9A5A7 /* MRCOneViewController.m in Sources */,
				35B13B9720C3CAA700D9A5A7 /* UIImage+WebP.m in Sources */,
				35B13B2F20C3CA1000D9A5A7 /* RootViewController.m in Sources */,
				3563B5F920C290FB00BA2AE0 /* main.m in Sources */,
				35B13B9B20C3CAA700D9A5A7 /* UIImageView+HighlightedWebCache.m in Sources */,
				35B13BA020C3CAA700D9A5A7 /* SDWebImagePrefetcher.m in Sources */,
				35B13B9C20C3CAA700D9A5A7 /* SDWebImageDownloader.m in Sources */,
				35B13BA920C3CAA700D9A5A7 /* RoundImageButton.m in Sources */,
				3563B5EB20C290FA00BA2AE0 /* AppDelegate.m in Sources */,
				35B13B3920C3CA1000D9A5A7 /* TYLQueue.c in Sources */,
				35B13B9620C3CAA700D9A5A7 /* HJCornerRadius.m in Sources */,
				35B13BA720C3CAA700D9A5A7 /* UIImage+DSRoundImage.m in Sources */,
				35B13B9A20C3CAA700D9A5A7 /* SDWebImageDecoder.m in Sources */,
				35B13B9320C3CAA700D9A5A7 /* RoundSevenDemoViewController.m in Sources */,
				35B13BAA20C3CAA700D9A5A7 /* RoundImageView.m in Sources */,
				35B13BA220C3CAA700D9A5A7 /* SDWebImageDownloaderOperation.m in Sources */,
				35B13B9220C3CAA700D9A5A7 /* RoundFiveDemoViewController.m in Sources */,
				35B13BA820C3CAA700D9A5A7 /* DSRoundImageView.m in Sources */,
				35B13B3020C3CA1000D9A5A7 /* BaseViewController.m in Sources */,
				35B13B3420C3CA1000D9A5A7 /* BusViewController.m in Sources */,
				35B13B3A20C3CA1000D9A5A7 /* DSSafeFree.m in Sources */,
				35B13B9420C3CAA700D9A5A7 /* RoundTwelveDemoViewController.m in Sources */,
				35B13B9920C3CAA700D9A5A7 /* SDWebImageManager.m in Sources */,
				35B13B2E20C3CA1000D9A5A7 /* DSSignalHandler.m in Sources */,
				35B13B8C20C3CAA700D9A5A7 /* RoundTenDemoViewController.m in Sources */,
				35B13B8A20C3CAA700D9A5A7 /* RoundFourDemoViewController.m in Sources */,
				35B13B3720C3CA1000D9A5A7 /* MyMrcView.m in Sources */,
				35B13B9520C3CAA700D9A5A7 /* RoundThreeDemoViewController.m in Sources */,
				35B13B9E20C3CAA700D9A5A7 /* UIImage+MultiFormat.m in Sources */,
				35B13B3620C3CA1000D9A5A7 /* ABRTViewController.m in Sources */,
				35B13BA620C3CAA700D9A5A7 /* UIButton+WebCache.m in Sources */,
				35B13B8B20C3CAA700D9A5A7 /* BaseViewController.m in Sources */,
				35B13B3220C3CA1000D9A5A7 /* SEGVViewController.m in Sources */,
				35B13B9020C3CAA700D9A5A7 /* RoundElevenDemoViewController.m in Sources */,
				35B13B9820C3CAA700D9A5A7 /* MKAnnotationView+WebCache.m in Sources */,
				35B13BA320C3CAA700D9A5A7 /* NSData+ImageContentType.m in Sources */,
				35B13B8F20C3CAA700D9A5A7 /* RoundEightDemoViewController.m in Sources */,
				35B13BA120C3CAA700D9A5A7 /* SDImageCache.m in Sources */,
				35B13B9F20C3CAA700D9A5A7 /* SDWebImageCompat.m in Sources */,
				35B13BA420C3CAA700D9A5A7 /* UIImageView+WebCache.m in Sources */,
				35B13B8D20C3CAA700D9A5A7 /* RoundOneDemoViewController.m in Sources */,
			);
			runOnlyForDeploymentPostprocessing = 0;
		};
		3563B5FA20C290FC00BA2AE0 /* Sources */ = {
			isa = PBXSourcesBuildPhase;
			buildActionMask = 2147483647;
			files = (
				3563B60320C290FC00BA2AE0 /* XLsn0wAppCrashTests.m in Sources */,
			);
			runOnlyForDeploymentPostprocessing = 0;
		};
		3563B60520C290FC00BA2AE0 /* Sources */ = {
			isa = PBXSourcesBuildPhase;
			buildActionMask = 2147483647;
			files = (
				3563B60E20C290FC00BA2AE0 /* XLsn0wAppCrashUITests.m in Sources */,
			);
			runOnlyForDeploymentPostprocessing = 0;
		};
/* End PBXSourcesBuildPhase section */

/* Begin PBXTargetDependency section */
		3563B60020C290FC00BA2AE0 /* PBXTargetDependency */ = {
			isa = PBXTargetDependency;
			target = 3563B5E520C290FA00BA2AE0 /* XLsn0wAppCrash */;
			targetProxy = 3563B5FF20C290FC00BA2AE0 /* PBXContainerItemProxy */;
		};
		3563B60B20C290FC00BA2AE0 /* PBXTargetDependency */ = {
			isa = PBXTargetDependency;
			target = 3563B5E520C290FA00BA2AE0 /* XLsn0wAppCrash */;
			targetProxy = 3563B60A20C290FC00BA2AE0 /* PBXContainerItemProxy */;
		};
/* End PBXTargetDependency section */

/* Begin PBXVariantGroup section */
		3563B5EF20C290FA00BA2AE0 /* Main.storyboard */ = {
			isa = PBXVariantGroup;
			children = (
				3563B5F020C290FA00BA2AE0 /* Base */,
			);
			name = Main.storyboard;
			sourceTree = "<group>";
		};
		3563B5F420C290FB00BA2AE0 /* LaunchScreen.storyboard */ = {
			isa = PBXVariantGroup;
			children = (
				3563B5F520C290FB00BA2AE0 /* Base */,
			);
			name = LaunchScreen.storyboard;
			sourceTree = "<group>";
		};
/* End PBXVariantGroup section */

/* Begin XCBuildConfiguration section */
		3563B61020C290FC00BA2AE0 /* Debug */ = {
			isa = XCBuildConfiguration;
			buildSettings = {
				ALWAYS_SEARCH_USER_PATHS = NO;
				CLANG_ANALYZER_NONNULL = YES;
				CLANG_ANALYZER_NUMBER_OBJECT_CONVERSION = YES_AGGRESSIVE;
				CLANG_CXX_LANGUAGE_STANDARD = "gnu++14";
				CLANG_CXX_LIBRARY = "libc++";
				CLANG_ENABLE_MODULES = YES;
				CLANG_ENABLE_OBJC_ARC = YES;
				CLANG_ENABLE_OBJC_WEAK = YES;
				CLANG_WARN_BLOCK_CAPTURE_AUTORELEASING = YES;
				CLANG_WARN_BOOL_CONVERSION = YES;
				CLANG_WARN_COMMA = YES;
				CLANG_WARN_CONSTANT_CONVERSION = YES;
				CLANG_WARN_DEPRECATED_OBJC_IMPLEMENTATIONS = YES;
				CLANG_WARN_DIRECT_OBJC_ISA_USAGE = YES_ERROR;
				CLANG_WARN_DOCUMENTATION_COMMENTS = YES;
				CLANG_WARN_EMPTY_BODY = YES;
				CLANG_WARN_ENUM_CONVERSION = YES;
				CLANG_WARN_INFINITE_RECURSION = YES;
				CLANG_WARN_INT_CONVERSION = YES;
				CLANG_WARN_NON_LITERAL_NULL_CONVERSION = YES;
				CLANG_WARN_OBJC_IMPLICIT_RETAIN_SELF = YES;
				CLANG_WARN_OBJC_LITERAL_CONVERSION = YES;
				CLANG_WARN_OBJC_ROOT_CLASS = YES_ERROR;
				CLANG_WARN_RANGE_LOOP_ANALYSIS = YES;
				CLANG_WARN_STRICT_PROTOTYPES = YES;
				CLANG_WARN_SUSPICIOUS_MOVE = YES;
				CLANG_WARN_UNGUARDED_AVAILABILITY = YES_AGGRESSIVE;
				CLANG_WARN_UNREACHABLE_CODE = YES;
				CLANG_WARN__DUPLICATE_METHOD_MATCH = YES;
				CODE_SIGN_IDENTITY = "iPhone Developer";
				COPY_PHASE_STRIP = NO;
				DEBUG_INFORMATION_FORMAT = dwarf;
				ENABLE_STRICT_OBJC_MSGSEND = YES;
				ENABLE_TESTABILITY = YES;
				GCC_C_LANGUAGE_STANDARD = gnu11;
				GCC_DYNAMIC_NO_PIC = NO;
				GCC_NO_COMMON_BLOCKS = YES;
				GCC_OPTIMIZATION_LEVEL = 0;
				GCC_PREPROCESSOR_DEFINITIONS = (
					"DEBUG=1",
					"$(inherited)",
				);
				GCC_WARN_64_TO_32_BIT_CONVERSION = YES;
				GCC_WARN_ABOUT_RETURN_TYPE = YES_ERROR;
				GCC_WARN_UNDECLARED_SELECTOR = YES;
				GCC_WARN_UNINITIALIZED_AUTOS = YES_AGGRESSIVE;
				GCC_WARN_UNUSED_FUNCTION = YES;
				GCC_WARN_UNUSED_VARIABLE = YES;
				IPHONEOS_DEPLOYMENT_TARGET = 11.3;
				MTL_ENABLE_DEBUG_INFO = YES;
				ONLY_ACTIVE_ARCH = YES;
				SDKROOT = iphoneos;
			};
			name = Debug;
		};
		3563B61120C290FC00BA2AE0 /* Release */ = {
			isa = XCBuildConfiguration;
			buildSettings = {
				ALWAYS_SEARCH_USER_PATHS = NO;
				CLANG_ANALYZER_NONNULL = YES;
				CLANG_ANALYZER_NUMBER_OBJECT_CONVERSION = YES_AGGRESSIVE;
				CLANG_CXX_LANGUAGE_STANDARD = "gnu++14";
				CLANG_CXX_LIBRARY = "libc++";
				CLANG_ENABLE_MODULES = YES;
				CLANG_ENABLE_OBJC_ARC = YES;
				CLANG_ENABLE_OBJC_WEAK = YES;
				CLANG_WARN_BLOCK_CAPTURE_AUTORELEASING = YES;
				CLANG_WARN_BOOL_CONVERSION = YES;
				CLANG_WARN_COMMA = YES;
				CLANG_WARN_CONSTANT_CONVERSION = YES;
				CLANG_WARN_DEPRECATED_OBJC_IMPLEMENTATIONS = YES;
				CLANG_WARN_DIRECT_OBJC_ISA_USAGE = YES_ERROR;
				CLANG_WARN_DOCUMENTATION_COMMENTS = YES;
				CLANG_WARN_EMPTY_BODY = YES;
				CLANG_WARN_ENUM_CONVERSION = YES;
				CLANG_WARN_INFINITE_RECURSION = YES;
				CLANG_WARN_INT_CONVERSION = YES;
				CLANG_WARN_NON_LITERAL_NULL_CONVERSION = YES;
				CLANG_WARN_OBJC_IMPLICIT_RETAIN_SELF = YES;
				CLANG_WARN_OBJC_LITERAL_CONVERSION = YES;
				CLANG_WARN_OBJC_ROOT_CLASS = YES_ERROR;
				CLANG_WARN_RANGE_LOOP_ANALYSIS = YES;
				CLANG_WARN_STRICT_PROTOTYPES = YES;
				CLANG_WARN_SUSPICIOUS_MOVE = YES;
				CLANG_WARN_UNGUARDED_AVAILABILITY = YES_AGGRESSIVE;
				CLANG_WARN_UNREACHABLE_CODE = YES;
				CLANG_WARN__DUPLICATE_METHOD_MATCH = YES;
				CODE_SIGN_IDENTITY = "iPhone Developer";
				COPY_PHASE_STRIP = NO;
				DEBUG_INFORMATION_FORMAT = "dwarf-with-dsym";
				ENABLE_NS_ASSERTIONS = NO;
				ENABLE_STRICT_OBJC_MSGSEND = YES;
				GCC_C_LANGUAGE_STANDARD = gnu11;
				GCC_NO_COMMON_BLOCKS = YES;
				GCC_WARN_64_TO_32_BIT_CONVERSION = YES;
				GCC_WARN_ABOUT_RETURN_TYPE = YES_ERROR;
				GCC_WARN_UNDECLARED_SELECTOR = YES;
				GCC_WARN_UNINITIALIZED_AUTOS = YES_AGGRESSIVE;
				GCC_WARN_UNUSED_FUNCTION = YES;
				GCC_WARN_UNUSED_VARIABLE = YES;
				IPHONEOS_DEPLOYMENT_TARGET = 11.3;
				MTL_ENABLE_DEBUG_INFO = NO;
				SDKROOT = iphoneos;
				VALIDATE_PRODUCT = YES;
			};
			name = Release;
		};
		3563B61320C290FC00BA2AE0 /* Debug */ = {
			isa = XCBuildConfiguration;
			buildSettings = {
				ASSETCATALOG_COMPILER_APPICON_NAME = AppIcon;
				CLANG_ENABLE_MODULES = YES;
				CODE_SIGN_STYLE = Automatic;
				DEVELOPMENT_TEAM = 842FY2R32Y;
				INFOPLIST_FILE = XLsn0wAppCrash/Info.plist;
				IPHONEOS_DEPLOYMENT_TARGET = 10.0;
				LD_RUNPATH_SEARCH_PATHS = (
					"$(inherited)",
					"@executable_path/Frameworks",
				);
				PRODUCT_BUNDLE_IDENTIFIER = com.outlook.xlsn0w.XLsn0wAppCrash;
				PRODUCT_NAME = "$(TARGET_NAME)";
				SWIFT_OBJC_BRIDGING_HEADER = "XLsn0wAppCrash/XLsn0wAppCrash-Bridging-Header.h";
				SWIFT_OPTIMIZATION_LEVEL = "-Onone";
				SWIFT_VERSION = 3.0;
				TARGETED_DEVICE_FAMILY = 1;
			};
			name = Debug;
		};
		3563B61420C290FC00BA2AE0 /* Release */ = {
			isa = XCBuildConfiguration;
			buildSettings = {
				ASSETCATALOG_COMPILER_APPICON_NAME = AppIcon;
				CLANG_ENABLE_MODULES = YES;
				CODE_SIGN_STYLE = Automatic;
				DEVELOPMENT_TEAM = 842FY2R32Y;
				INFOPLIST_FILE = XLsn0wAppCrash/Info.plist;
				IPHONEOS_DEPLOYMENT_TARGET = 10.0;
				LD_RUNPATH_SEARCH_PATHS = (
					"$(inherited)",
					"@executable_path/Frameworks",
				);
				PRODUCT_BUNDLE_IDENTIFIER = com.outlook.xlsn0w.XLsn0wAppCrash;
				PRODUCT_NAME = "$(TARGET_NAME)";
				SWIFT_OBJC_BRIDGING_HEADER = "XLsn0wAppCrash/XLsn0wAppCrash-Bridging-Header.h";
				SWIFT_VERSION = 3.0;
				TARGETED_DEVICE_FAMILY = 1;
			};
			name = Release;
		};
		3563B61620C290FC00BA2AE0 /* Debug */ = {
			isa = XCBuildConfiguration;
			buildSettings = {
				ALWAYS_EMBED_SWIFT_STANDARD_LIBRARIES = YES;
				BUNDLE_LOADER = "$(TEST_HOST)";
				CODE_SIGN_STYLE = Automatic;
				INFOPLIST_FILE = XLsn0wAppCrashTests/Info.plist;
				LD_RUNPATH_SEARCH_PATHS = (
					"$(inherited)",
					"@executable_path/Frameworks",
					"@loader_path/Frameworks",
				);
				PRODUCT_BUNDLE_IDENTIFIER = com.outlook.xlsn0w.XLsn0wAppCrashTests;
				PRODUCT_NAME = "$(TARGET_NAME)";
				TARGETED_DEVICE_FAMILY = "1,2";
				TEST_HOST = "$(BUILT_PRODUCTS_DIR)/XLsn0wAppCrash.app/XLsn0wAppCrash";
			};
			name = Debug;
		};
		3563B61720C290FC00BA2AE0 /* Release */ = {
			isa = XCBuildConfiguration;
			buildSettings = {
				ALWAYS_EMBED_SWIFT_STANDARD_LIBRARIES = YES;
				BUNDLE_LOADER = "$(TEST_HOST)";
				CODE_SIGN_STYLE = Automatic;
				INFOPLIST_FILE = XLsn0wAppCrashTests/Info.plist;
				LD_RUNPATH_SEARCH_PATHS = (
					"$(inherited)",
					"@executable_path/Frameworks",
					"@loader_path/Frameworks",
				);
				PRODUCT_BUNDLE_IDENTIFIER = com.outlook.xlsn0w.XLsn0wAppCrashTests;
				PRODUCT_NAME = "$(TARGET_NAME)";
				TARGETED_DEVICE_FAMILY = "1,2";
				TEST_HOST = "$(BUILT_PRODUCTS_DIR)/XLsn0wAppCrash.app/XLsn0wAppCrash";
			};
			name = Release;
		};
		3563B61920C290FC00BA2AE0 /* Debug */ = {
			isa = XCBuildConfiguration;
			buildSettings = {
				ALWAYS_EMBED_SWIFT_STANDARD_LIBRARIES = YES;
				CODE_SIGN_STYLE = Automatic;
				INFOPLIST_FILE = XLsn0wAppCrashUITests/Info.plist;
				LD_RUNPATH_SEARCH_PATHS = (
					"$(inherited)",
					"@executable_path/Frameworks",
					"@loader_path/Frameworks",
				);
				PRODUCT_BUNDLE_IDENTIFIER = com.outlook.xlsn0w.XLsn0wAppCrashUITests;
				PRODUCT_NAME = "$(TARGET_NAME)";
				TARGETED_DEVICE_FAMILY = "1,2";
				TEST_TARGET_NAME = XLsn0wAppCrash;
			};
			name = Debug;
		};
		3563B61A20C290FC00BA2AE0 /* Release */ = {
			isa = XCBuildConfiguration;
			buildSettings = {
				ALWAYS_EMBED_SWIFT_STANDARD_LIBRARIES = YES;
				CODE_SIGN_STYLE = Automatic;
				INFOPLIST_FILE = XLsn0wAppCrashUITests/Info.plist;
				LD_RUNPATH_SEARCH_PATHS = (
					"$(inherited)",
					"@executable_path/Frameworks",
					"@loader_path/Frameworks",
				);
				PRODUCT_BUNDLE_IDENTIFIER = com.outlook.xlsn0w.XLsn0wAppCrashUITests;
				PRODUCT_NAME = "$(TARGET_NAME)";
				TARGETED_DEVICE_FAMILY = "1,2";
				TEST_TARGET_NAME = XLsn0wAppCrash;
			};
			name = Release;
		};
/* End XCBuildConfiguration section */

/* Begin XCConfigurationList section */
		3563B5E120C290FA00BA2AE0 /* Build configuration list for PBXProject "XLsn0wAppCrash" */ = {
			isa = XCConfigurationList;
			buildConfigurations = (
				3563B61020C290FC00BA2AE0 /* Debug */,
				3563B61120C290FC00BA2AE0 /* Release */,
			);
			defaultConfigurationIsVisible = 0;
			defaultConfigurationName = Release;
		};
		3563B61220C290FC00BA2AE0 /* Build configuration list for PBXNativeTarget "XLsn0wAppCrash" */ = {
			isa = XCConfigurationList;
			buildConfigurations = (
				3563B61320C290FC00BA2AE0 /* Debug */,
				3563B61420C290FC00BA2AE0 /* Release */,
			);
			defaultConfigurationIsVisible = 0;
			defaultConfigurationName = Release;
		};
		3563B61520C290FC00BA2AE0 /* Build configuration list for PBXNativeTarget "XLsn0wAppCrashTests" */ = {
			isa = XCConfigurationList;
			buildConfigurations = (
				3563B61620C290FC00BA2AE0 /* Debug */,
				3563B61720C290FC00BA2AE0 /* Release */,
			);
			defaultConfigurationIsVisible = 0;
			defaultConfigurationName = Release;
		};
		3563B61820C290FC00BA2AE0 /* Build configuration list for PBXNativeTarget "XLsn0wAppCrashUITests" */ = {
			isa = XCConfigurationList;
			buildConfigurations = (
				3563B61920C290FC00BA2AE0 /* Debug */,
				3563B61A20C290FC00BA2AE0 /* Release */,
			);
			defaultConfigurationIsVisible = 0;
			defaultConfigurationName = Release;
		};
/* End XCConfigurationList section */
	};
	rootObject = 3563B5DE20C290FA00BA2AE0 /* Project object */;
}
